{
  "name": "ISCI-Team-Website",
  "lockfileVersion": 2,
  "requires": true,
  "packages": {
    "": {
      "dependencies": {
        "@sweetalert2/theme-borderless": "^5.0.11",
        "sweetalert2": "^11.4.20"
      }
    },
    "node_modules/@sweetalert2/theme-borderless": {
      "version": "5.0.11",
      "resolved": "https://registry.npmjs.org/@sweetalert2/theme-borderless/-/theme-borderless-5.0.11.tgz",
      "integrity": "sha512-GYT19trxQFZfag+TDZU0K8xB4rqd3bouMXuBET60P342oUKJHDhO56oXKJUjzHYu3JEOAypm8icBLOapypqEQA=="
    },
    "node_modules/sweetalert2": {
      "version": "11.4.20",
      "resolved": "https://registry.npmjs.org/sweetalert2/-/sweetalert2-11.4.20.tgz",
      "integrity": "sha512-3LiBFa5yRmTcqM0vGcFmo0EnhmaMSJfzhFpvZoXK6BOY94HIcIUbwhhW+NY5oXOpz5CT21qFAu0fKCUkOc/Pew==",
      "funding": {
        "type": "individual",
        "url": "https://sweetalert2.github.io/#donations"
      }
    }
  },
  "dependencies": {
    "@sweetalert2/theme-borderless": {
      "version": "5.0.11",
      "resolved": "https://registry.npmjs.org/@sweetalert2/theme-borderless/-/theme-borderless-5.0.11.tgz",
      "integrity": "sha512-GYT19trxQFZfag+TDZU0K8xB4rqd3bouMXuBET60P342oUKJHDhO56oXKJUjzHYu3JEOAypm8icBLOapypqEQA=="
    },
    "sweetalert2": {
      "version": "11.4.20",
      "resolved": "https://registry.npmjs.org/sweetalert2/-/sweetalert2-11.4.20.tgz",
      "integrity": "sha512-3LiBFa5yRmTcqM0vGcFmo0EnhmaMSJfzhFpvZoXK6BOY94HIcIUbwhhW+NY5oXOpz5CT21qFAu0fKCUkOc/Pew=="
    }
  }
}
